// !$*UTF8*$!
{
	archiveVersion = 1;
	classes = {
	};
	objectVersion = 56;
	objects = {

/* Begin PBXBuildFile section */
		353C223629C301B200964E53 /* test_TextApp.swift in Sources */ = {isa = PBXBuildFile; fileRef = 353C223529C301B200964E53 /* test_TextApp.swift */; };
		353C223829C301B200964E53 /* ContentView.swift in Sources */ = {isa = PBXBuildFile; fileRef = 353C223729C301B200964E53 /* ContentView.swift */; };
		353C223A29C301B400964E53 /* Assets.xcassets in Resources */ = {isa = PBXBuildFile; fileRef = 353C223929C301B400964E53 /* Assets.xcassets */; };
		353C223E29C301B400964E53 /* Preview Assets.xcassets in Resources */ = {isa = PBXBuildFile; fileRef = 353C223D29C301B400964E53 /* Preview Assets.xcassets */; };
		353C224829C301B400964E53 /* test_TextTests.swift in Sources */ = {isa = PBXBuildFile; fileRef = 353C224729C301B400964E53 /* test_TextTests.swift */; };
		353C225229C301B400964E53 /* test_TextUITests.swift in Sources */ = {isa = PBXBuildFile; fileRef = 353C225129C301B400964E53 /* test_TextUITests.swift */; };
		353C225429C301B400964E53 /* test_TextUITestsLaunchTests.swift in Sources */ = {isa = PBXBuildFile; fileRef = 353C225329C301B400964E53 /* test_TextUITestsLaunchTests.swift */; };
/* End PBXBuildFile section */

/* Begin PBXContainerItemProxy section */
		353C224429C301B400964E53 /* PBXContainerItemProxy */ = {
			isa = PBXContainerItemProxy;
			containerPortal = 353C222A29C301B200964E53 /* Project object */;
			proxyType = 1;
			remoteGlobalIDString = 353C223129C301B200964E53;
			remoteInfo = "test]Text";
		};
		353C224E29C301B400964E53 /* PBXContainerItemProxy */ = {
			isa = PBXContainerItemProxy;
			containerPortal = 353C222A29C301B200964E53 /* Project object */;
			proxyType = 1;
			remoteGlobalIDString = 353C223129C301B200964E53;
			remoteInfo = "test]Text";
		};
/* End PBXContainerItemProxy section */

/* Begin PBXFileReference section */
		353C223229C301B200964E53 /* test]Text.app */ = {isa = PBXFileReference; explicitFileType = wrapper.application; includeInIndex = 0; path = "test]Text.app"; sourceTree = BUILT_PRODUCTS_DIR; };
		353C223529C301B200964E53 /* test_TextApp.swift */ = {isa = PBXFileReference; lastKnownFileType = sourcecode.swift; path = test_TextApp.swift; sourceTree = "<group>"; };
		353C223729C301B200964E53 /* ContentView.swift */ = {isa = PBXFileReference; lastKnownFileType = sourcecode.swift; path = ContentView.swift; sourceTree = "<group>"; };
		353C223929C301B400964E53 /* Assets.xcassets */ = {isa = PBXFileReference; lastKnownFileType = folder.assetcatalog; path = Assets.xcassets; sourceTree = "<group>"; };
		353C223B29C301B400964E53 /* test_Text.entitlements */ = {isa = PBXFileReference; lastKnownFileType = text.plist.entitlements; path = test_Text.entitlements; sourceTree = "<group>"; };
		353C223D29C301B400964E53 /* Preview Assets.xcassets */ = {isa = PBXFileReference; lastKnownFileType = folder.assetcatalog; path = "Preview Assets.xcassets"; sourceTree = "<group>"; };
		353C224329C301B400964E53 /* test]TextTests.xctest */ = {isa = PBXFileReference; explicitFileType = wrapper.cfbundle; includeInIndex = 0; path = "test]TextTests.xctest"; sourceTree = BUILT_PRODUCTS_DIR; };
		353C224729C301B400964E53 /* test_TextTests.swift */ = {isa = PBXFileReference; lastKnownFileType = sourcecode.swift; path = test_TextTests.swift; sourceTree = "<group>"; };
		353C224D29C301B400964E53 /* test]TextUITests.xctest */ = {isa = PBXFileReference; explicitFileType = wrapper.cfbundle; includeInIndex = 0; path = "test]TextUITests.xctest"; sourceTree = BUILT_PRODUCTS_DIR; };
		353C225129C301B400964E53 /* test_TextUITests.swift */ = {isa = PBXFileReference; lastKnownFileType = sourcecode.swift; path = test_TextUITests.swift; sourceTree = "<group>"; };
		353C225329C301B400964E53 /* test_TextUITestsLaunchTests.swift */ = {isa = PBXFileReference; lastKnownFileType = sourcecode.swift; path = test_TextUITestsLaunchTests.swift; sourceTree = "<group>"; };
/* End PBXFileReference section */

/* Begin PBXFrameworksBuildPhase section */
		353C222F29C301B200964E53 /* Frameworks */ = {
			isa = PBXFrameworksBuildPhase;
			buildActionMask = 2147483647;
			files = (
			);
			runOnlyForDeploymentPostprocessing = 0;
		};
		353C224029C301B400964E53 /* Frameworks */ = {
			isa = PBXFrameworksBuildPhase;
			buildActionMask = 2147483647;
			files = (
			);
			runOnlyForDeploymentPostprocessing = 0;
		};
		353C224A29C301B400964E53 /* Frameworks */ = {
			isa = PBXFrameworksBuildPhase;
			buildActionMask = 2147483647;
			files = (
			);
			runOnlyForDeploymentPostprocessing = 0;
		};
/* End PBXFrameworksBuildPhase section */

/* Begin PBXGroup section */
		353C222929C301B200964E53 = {
			isa = PBXGroup;
			children = (
				353C223429C301B200964E53 /* test]Text */,
				353C224629C301B400964E53 /* test]TextTests */,
				353C225029C301B400964E53 /* test]TextUITests */,
				353C223329C301B200964E53 /* Products */,
			);
			sourceTree = "<group>";
		};
		353C223329C301B200964E53 /* Products */ = {
			isa = PBXGroup;
			children = (
				353C223229C301B200964E53 /* test]Text.app */,
				353C224329C301B400964E53 /* test]TextTests.xctest */,
				353C224D29C301B400964E53 /* test]TextUITests.xctest */,
			);
			name = Products;
			sourceTree = "<group>";
		};
		353C223429C301B200964E53 /* test]Text */ = {
			isa = PBXGroup;
			children = (
				353C223529C301B200964E53 /* test_TextApp.swift */,
				353C223729C301B200964E53 /* ContentView.swift */,
				353C223929C301B400964E53 /* Assets.xcassets */,
				353C223B29C301B400964E53 /* test_Text.entitlements */,
				353C223C29C301B400964E53 /* Preview Content */,
			);
			path = "test]Text";
			sourceTree = "<group>";
		};
		353C223C29C301B400964E53 /* Preview Content */ = {
			isa = PBXGroup;
			children = (
				353C223D29C301B400964E53 /* Preview Assets.xcassets */,
			);
			path = "Preview Content";
			sourceTree = "<group>";
		};
		353C224629C301B400964E53 /* test]TextTests */ = {
			isa = PBXGroup;
			children = (
				353C224729C301B400964E53 /* test_TextTests.swift */,
			);
			path = "test]TextTests";
			sourceTree = "<group>";
		};
		353C225029C301B400964E53 /* test]TextUITests */ = {
			isa = PBXGroup;
			children = (
				353C225129C301B400964E53 /* test_TextUITests.swift */,
				353C225329C301B400964E53 /* test_TextUITestsLaunchTests.swift */,
			);
			path = "test]TextUITests";
			sourceTree = "<group>";
		};
/* End PBXGroup section */

/* Begin PBXNativeTarget section */
		353C223129C301B200964E53 /* test]Text */ = {
			isa = PBXNativeTarget;
			buildConfigurationList = 353C225729C301B400964E53 /* Build configuration list for PBXNativeTarget "test]Text" */;
			buildPhases = (
				353C222E29C301B200964E53 /* Sources */,
				353C222F29C301B200964E53 /* Frameworks */,
				353C223029C301B200964E53 /* Resources */,
			);
			buildRules = (
			);
			dependencies = (
			);
			name = "test]Text";
			productName = "test]Text";
			productReference = 353C223229C301B200964E53 /* test]Text.app */;
			productType = "com.apple.product-type.application";
		};
		353C224229C301B400964E53 /* test]TextTests */ = {
			isa = PBXNativeTarget;
			buildConfigurationList = 353C225A29C301B400964E53 /* Build configuration list for PBXNativeTarget "test]TextTests" */;
			buildPhases = (
				353C223F29C301B400964E53 /* Sources */,
				353C224029C301B400964E53 /* Frameworks */,
				353C224129C301B400964E53 /* Resources */,
			);
			buildRules = (
			);
			dependencies = (
				353C224529C301B400964E53 /* PBXTargetDependency */,
			);
			name = "test]TextTests";
			productName = "test]TextTests";
			productReference = 353C224329C301B400964E53 /* test]TextTests.xctest */;
			productType = "com.apple.product-type.bundle.unit-test";
		};
		353C224C29C301B400964E53 /* test]TextUITests */ = {
			isa = PBXNativeTarget;
			buildConfigurationList = 353C225D29C301B400964E53 /* Build configuration list for PBXNativeTarget "test]TextUITests" */;
			buildPhases = (
				353C224929C301B400964E53 /* Sources */,
				353C224A29C301B400964E53 /* Frameworks */,
				353C224B29C301B400964E53 /* Resources */,
			);
			buildRules = (
			);
			dependencies = (
				353C224F29C301B400964E53 /* PBXTargetDependency */,
			);
			name = "test]TextUITests";
			productName = "test]TextUITests";
			productReference = 353C224D29C301B400964E53 /* test]TextUITests.xctest */;
			productType = "com.apple.product-type.bundle.ui-testing";
		};
/* End PBXNativeTarget section */

/* Begin PBXProject section */
		353C222A29C301B200964E53 /* Project object */ = {
			isa = PBXProject;
			attributes = {
				BuildIndependentTargetsInParallel = 1;
				LastSwiftUpdateCheck = 1410;
				LastUpgradeCheck = 1410;
				TargetAttributes = {
					353C223129C301B200964E53 = {
						CreatedOnToolsVersion = 14.1;
					};
					353C224229C301B400964E53 = {
						CreatedOnToolsVersion = 14.1;
						TestTargetID = 353C223129C301B200964E53;
					};
					353C224C29C301B400964E53 = {
						CreatedOnToolsVersion = 14.1;
						TestTargetID = 353C223129C301B200964E53;
					};
				};
			};
			buildConfigurationList = 353C222D29C301B200964E53 /* Build configuration list for PBXProject "test]Text" */;
			compatibilityVersion = "Xcode 14.0";
			developmentRegion = en;
			hasScannedForEncodings = 0;
			knownRegions = (
				en,
				Base,
			);
			mainGroup = 353C222929C301B200964E53;
			productRefGroup = 353C223329C301B200964E53 /* Products */;
			projectDirPath = "";
			projectRoot = "";
			targets = (
				353C223129C301B200964E53 /* test]Text */,
				353C224229C301B400964E53 /* test]TextTests */,
				353C224C29C301B400964E53 /* test]TextUITests */,
			);
		};
/* End PBXProject section */

/* Begin PBXResourcesBuildPhase section */
		353C223029C301B200964E53 /* Resources */ = {
			isa = PBXResourcesBuildPhase;
			buildActionMask = 2147483647;
			files = (
				353C223E29C301B400964E53 /* Preview Assets.xcassets in Resources */,
				353C223A29C301B400964E53 /* Assets.xcassets in Resources */,
			);
			runOnlyForDeploymentPostprocessing = 0;
		};
		353C224129C301B400964E53 /* Resources */ = {
			isa = PBXResourcesBuildPhase;
			buildActionMask = 2147483647;
			files = (
			);
			runOnlyForDeploymentPostprocessing = 0;
		};
		353C224B29C301B400964E53 /* Resources */ = {
			isa = PBXResourcesBuildPhase;
			buildActionMask = 2147483647;
			files = (
			);
			runOnlyForDeploymentPostprocessing = 0;
		};
/* End PBXResourcesBuildPhase section */

/* Begin PBXSourcesBuildPhase section */
		353C222E29C301B200964E53 /* Sources */ = {
			isa = PBXSourcesBuildPhase;
			buildActionMask = 2147483647;
			files = (
				353C223829C301B200964E53 /* ContentView.swift in Sources */,
				353C223629C301B200964E53 /* test_TextApp.swift in Sources */,
			);
			runOnlyForDeploymentPostprocessing = 0;
		};
		353C223F29C301B400964E53 /* Sources */ = {
			isa = PBXSourcesBuildPhase;
			buildActionMask = 2147483647;
			files = (
				353C224829C301B400964E53 /* test_TextTests.swift in Sources */,
			);
			runOnlyForDeploymentPostprocessing = 0;
		};
		353C224929C301B400964E53 /* Sources */ = {
			isa = PBXSourcesBuildPhase;
			buildActionMask = 2147483647;
			files = (
				353C225229C301B400964E53 /* test_TextUITests.swift in Sources */,
				353C225429C301B400964E53 /* test_TextUITestsLaunchTests.swift in Sources */,
			);
			runOnlyForDeploymentPostprocessing = 0;
		};
/* End PBXSourcesBuildPhase section */

/* Begin PBXTargetDependency section */
		353C224529C301B400964E53 /* PBXTargetDependency */ = {
			isa = PBXTargetDependency;
			target = 353C223129C301B200964E53 /* test]Text */;
			targetProxy = 353C224429C301B400964E53 /* PBXContainerItemProxy */;
		};
		353C224F29C301B400964E53 /* PBXTargetDependency */ = {
			isa = PBXTargetDependency;
			target = 353C223129C301B200964E53 /* test]Text */;
			targetProxy = 353C224E29C301B400964E53 /* PBXContainerItemProxy */;
		};
/* End PBXTargetDependency section */

/* Begin XCBuildConfiguration section */
		353C225529C301B400964E53 /* Debug */ = {
			isa = XCBuildConfiguration;
			buildSettings = {
				ALWAYS_SEARCH_USER_PATHS = NO;
				CLANG_ANALYZER_NONNULL = YES;
				CLANG_ANALYZER_NUMBER_OBJECT_CONVERSION = YES_AGGRESSIVE;
				CLANG_CXX_LANGUAGE_STANDARD = "gnu++20";
				CLANG_ENABLE_MODULES = YES;
				CLANG_ENABLE_OBJC_ARC = YES;
				CLANG_ENABLE_OBJC_WEAK = YES;
				CLANG_WARN_BLOCK_CAPTURE_AUTORELEASING = YES;
				CLANG_WARN_BOOL_CONVERSION = YES;
				CLANG_WARN_COMMA = YES;
				CLANG_WARN_CONSTANT_CONVERSION = YES;
				CLANG_WARN_DEPRECATED_OBJC_IMPLEMENTATIONS = YES;
				CLANG_WARN_DIRECT_OBJC_ISA_USAGE = YES_ERROR;
				CLANG_WARN_DOCUMENTATION_COMMENTS = YES;
				CLANG_WARN_EMPTY_BODY = YES;
				CLANG_WARN_ENUM_CONVERSION = YES;
				CLANG_WARN_INFINITE_RECURSION = YES;
				CLANG_WARN_INT_CONVERSION = YES;
				CLANG_WARN_NON_LITERAL_NULL_CONVERSION = YES;
				CLANG_WARN_OBJC_IMPLICIT_RETAIN_SELF = YES;
				CLANG_WARN_OBJC_LITERAL_CONVERSION = YES;
				CLANG_WARN_OBJC_ROOT_CLASS = YES_ERROR;
				CLANG_WARN_QUOTED_INCLUDE_IN_FRAMEWORK_HEADER = YES;
				CLANG_WARN_RANGE_LOOP_ANALYSIS = YES;
				CLANG_WARN_STRICT_PROTOTYPES = YES;
				CLANG_WARN_SUSPICIOUS_MOVE = YES;
				CLANG_WARN_UNGUARDED_AVAILABILITY = YES_AGGRESSIVE;
				CLANG_WARN_UNREACHABLE_CODE = YES;
				CLANG_WARN__DUPLICATE_METHOD_MATCH = YES;
				COPY_PHASE_STRIP = NO;
				DEBUG_INFORMATION_FORMAT = dwarf;
				ENABLE_STRICT_OBJC_MSGSEND = YES;
				ENABLE_TESTABILITY = YES;
				GCC_C_LANGUAGE_STANDARD = gnu11;
				GCC_DYNAMIC_NO_PIC = NO;
				GCC_NO_COMMON_BLOCKS = YES;
				GCC_OPTIMIZATION_LEVEL = 0;
				GCC_PREPROCESSOR_DEFINITIONS = (
					"DEBUG=1",
					"$(inherited)",
				);
				GCC_WARN_64_TO_32_BIT_CONVERSION = YES;
				GCC_WARN_ABOUT_RETURN_TYPE = YES_ERROR;
				GCC_WARN_UNDECLARED_SELECTOR = YES;
				GCC_WARN_UNINITIALIZED_AUTOS = YES_AGGRESSIVE;
				GCC_WARN_UNUSED_FUNCTION = YES;
				GCC_WARN_UNUSED_VARIABLE = YES;
				MTL_ENABLE_DEBUG_INFO = INCLUDE_SOURCE;
				MTL_FAST_MATH = YES;
				ONLY_ACTIVE_ARCH = YES;
				SWIFT_ACTIVE_COMPILATION_CONDITIONS = DEBUG;
				SWIFT_OPTIMIZATION_LEVEL = "-Onone";
			};
			name = Debug;
		};
		353C225629C301B400964E53 /* Release */ = {
			isa = XCBuildConfiguration;
			buildSettings = {
				ALWAYS_SEARCH_USER_PATHS = NO;
				CLANG_ANALYZER_NONNULL = YES;
				CLANG_ANALYZER_NUMBER_OBJECT_CONVERSION = YES_AGGRESSIVE;
				CLANG_CXX_LANGUAGE_STANDARD = "gnu++20";
				CLANG_ENABLE_MODULES = YES;
				CLANG_ENABLE_OBJC_ARC = YES;
				CLANG_ENABLE_OBJC_WEAK = YES;
				CLANG_WARN_BLOCK_CAPTURE_AUTORELEASING = YES;
				CLANG_WARN_BOOL_CONVERSION = YES;
				CLANG_WARN_COMMA = YES;
				CLANG_WARN_CONSTANT_CONVERSION = YES;
				CLANG_WARN_DEPRECATED_OBJC_IMPLEMENTATIONS = YES;
				CLANG_WARN_DIRECT_OBJC_ISA_USAGE = YES_ERROR;
				CLANG_WARN_DOCUMENTATION_COMMENTS = YES;
				CLANG_WARN_EMPTY_BODY = YES;
				CLANG_WARN_ENUM_CONVERSION = YES;
				CLANG_WARN_INFINITE_RECURSION = YES;
				CLANG_WARN_INT_CONVERSION = YES;
				CLANG_WARN_NON_LITERAL_NULL_CONVERSION = YES;
				CLANG_WARN_OBJC_IMPLICIT_RETAIN_SELF = YES;
				CLANG_WARN_OBJC_LITERAL_CONVERSION = YES;
				CLANG_WARN_OBJC_ROOT_CLASS = YES_ERROR;
				CLANG_WARN_QUOTED_INCLUDE_IN_FRAMEWORK_HEADER = YES;
				CLANG_WARN_RANGE_LOOP_ANALYSIS = YES;
				CLANG_WARN_STRICT_PROTOTYPES = YES;
				CLANG_WARN_SUSPICIOUS_MOVE = YES;
				CLANG_WARN_UNGUARDED_AVAILABILITY = YES_AGGRESSIVE;
				CLANG_WARN_UNREACHABLE_CODE = YES;
				CLANG_WARN__DUPLICATE_METHOD_MATCH = YES;
				COPY_PHASE_STRIP = NO;
				DEBUG_INFORMATION_FORMAT = "dwarf-with-dsym";
				ENABLE_NS_ASSERTIONS = NO;
				ENABLE_STRICT_OBJC_MSGSEND = YES;
				GCC_C_LANGUAGE_STANDARD = gnu11;
				GCC_NO_COMMON_BLOCKS = YES;
				GCC_WARN_64_TO_32_BIT_CONVERSION = YES;
				GCC_WARN_ABOUT_RETURN_TYPE = YES_ERROR;
				GCC_WARN_UNDECLARED_SELECTOR = YES;
				GCC_WARN_UNINITIALIZED_AUTOS = YES_AGGRESSIVE;
				GCC_WARN_UNUSED_FUNCTION = YES;
				GCC_WARN_UNUSED_VARIABLE = YES;
				MTL_ENABLE_DEBUG_INFO = NO;
				MTL_FAST_MATH = YES;
				SWIFT_COMPILATION_MODE = wholemodule;
				SWIFT_OPTIMIZATION_LEVEL = "-O";
			};
			name = Release;
		};
		353C225829C301B400964E53 /* Debug */ = {
			isa = XCBuildConfiguration;
			buildSettings = {
				ASSETCATALOG_COMPILER_APPICON_NAME = AppIcon;
				ASSETCATALOG_COMPILER_GLOBAL_ACCENT_COLOR_NAME = AccentColor;
				CODE_SIGN_ENTITLEMENTS = "test]Text/test_Text.entitlements";
				CODE_SIGN_STYLE = Automatic;
				CURRENT_PROJECT_VERSION = 1;
				DEVELOPMENT_ASSET_PATHS = "\"test]Text/Preview Content\"";
				DEVELOPMENT_TEAM = RSN8K4WW8U;
				ENABLE_HARDENED_RUNTIME = YES;
				ENABLE_PREVIEWS = YES;
				GENERATE_INFOPLIST_FILE = YES;
				"INFOPLIST_KEY_UIApplicationSceneManifest_Generation[sdk=iphoneos*]" = YES;
				"INFOPLIST_KEY_UIApplicationSceneManifest_Generation[sdk=iphonesimulator*]" = YES;
				"INFOPLIST_KEY_UIApplicationSupportsIndirectInputEvents[sdk=iphoneos*]" = YES;
				"INFOPLIST_KEY_UIApplicationSupportsIndirectInputEvents[sdk=iphonesimulator*]" = YES;
				"INFOPLIST_KEY_UILaunchScreen_Generation[sdk=iphoneos*]" = YES;
				"INFOPLIST_KEY_UILaunchScreen_Generation[sdk=iphonesimulator*]" = YES;
				"INFOPLIST_KEY_UIStatusBarStyle[sdk=iphoneos*]" = UIStatusBarStyleDefault;
				"INFOPLIST_KEY_UIStatusBarStyle[sdk=iphonesimulator*]" = UIStatusBarStyleDefault;
				INFOPLIST_KEY_UISupportedInterfaceOrientations_iPad = "UIInterfaceOrientationPortrait UIInterfaceOrientationPortraitUpsideDown UIInterfaceOrientationLandscapeLeft UIInterfaceOrientationLandscapeRight";
				INFOPLIST_KEY_UISupportedInterfaceOrientations_iPhone = "UIInterfaceOrientationPortrait UIInterfaceOrientationLandscapeLeft UIInterfaceOrientationLandscapeRight";
				IPHONEOS_DEPLOYMENT_TARGET = 16.1;
				LD_RUNPATH_SEARCH_PATHS = "@executable_path/Frameworks";
				"LD_RUNPATH_SEARCH_PATHS[sdk=macosx*]" = "@executable_path/../Frameworks";
				MACOSX_DEPLOYMENT_TARGET = 13.0;
				MARKETING_VERSION = 1.0;
				PRODUCT_BUNDLE_IDENTIFIER = "com.konnitiwawewd23-edq.test-Text";
				PRODUCT_NAME = "$(TARGET_NAME)";
				SDKROOT = auto;
				SUPPORTED_PLATFORMS = "iphoneos iphonesimulator macosx";
				SWIFT_EMIT_LOC_STRINGS = YES;
				SWIFT_VERSION = 5.0;
				TARGETED_DEVICE_FAMILY = "1,2";
			};
			name = Debug;
		};
		353C225929C301B400964E53 /* Release */ = {
			isa = XCBuildConfiguration;
			buildSettings = {
				ASSETCATALOG_COMPILER_APPICON_NAME = AppIcon;
				ASSETCATALOG_COMPILER_GLOBAL_ACCENT_COLOR_NAME = AccentColor;
				CODE_SIGN_ENTITLEMENTS = "test]Text/test_Text.entitlements";
				CODE_SIGN_STYLE = Automatic;
				CURRENT_PROJECT_VERSION = 1;
				DEVELOPMENT_ASSET_PATHS = "\"test]Text/Preview Content\"";
				DEVELOPMENT_TEAM = RSN8K4WW8U;
				ENABLE_HARDENED_RUNTIME = YES;
				ENABLE_PREVIEWS = YES;
				GENERATE_INFOPLIST_FILE = YES;
				"INFOPLIST_KEY_UIApplicationSceneManifest_Generation[sdk=iphoneos*]" = YES;
				"INFOPLIST_KEY_UIApplicationSceneManifest_Generation[sdk=iphonesimulator*]" = YES;
				"INFOPLIST_KEY_UIApplicationSupportsIndirectInputEvents[sdk=iphoneos*]" = YES;
				"INFOPLIST_KEY_UIApplicationSupportsIndirectInputEvents[sdk=iphonesimulator*]" = YES;
				"INFOPLIST_KEY_UILaunchScreen_Generation[sdk=iphoneos*]" = YES;
				"INFOPLIST_KEY_UILaunchScreen_Generation[sdk=iphonesimulator*]" = YES;
				"INFOPLIST_KEY_UIStatusBarStyle[sdk=iphoneos*]" = UIStatusBarStyleDefault;
				"INFOPLIST_KEY_UIStatusBarStyle[sdk=iphonesimulator*]" = UIStatusBarStyleDefault;
				INFOPLIST_KEY_UISupportedInterfaceOrientations_iPad = "UIInterfaceOrientationPortrait UIInterfaceOrientationPortraitUpsideDown UIInterfaceOrientationLandscapeLeft UIInterfaceOrientationLandscapeRight";
				INFOPLIST_KEY_UISupportedInterfaceOrientations_iPhone = "UIInterfaceOrientationPortrait UIInterfaceOrientationLandscapeLeft UIInterfaceOrientationLandscapeRight";
				IPHONEOS_DEPLOYMENT_TARGET = 16.1;
				LD_RUNPATH_SEARCH_PATHS = "@executable_path/Frameworks";
				"LD_RUNPATH_SEARCH_PATHS[sdk=macosx*]" = "@executable_path/../Frameworks";
				MACOSX_DEPLOYMENT_TARGET = 13.0;
				MARKETING_VERSION = 1.0;
				PRODUCT_BUNDLE_IDENTIFIER = "com.konnitiwawewd23-edq.test-Text";
				PRODUCT_NAME = "$(TARGET_NAME)";
				SDKROOT = auto;
				SUPPORTED_PLATFORMS = "iphoneos iphonesimulator macosx";
				SWIFT_EMIT_LOC_STRINGS = YES;
				SWIFT_VERSION = 5.0;
				TARGETED_DEVICE_FAMILY = "1,2";
			};
			name = Release;
		};
		353C225B29C301B400964E53 /* Debug */ = {
			isa = XCBuildConfiguration;
			buildSettings = {
				ALWAYS_EMBED_SWIFT_STANDARD_LIBRARIES = YES;
				BUNDLE_LOADER = "$(TEST_HOST)";
				CODE_SIGN_STYLE = Automatic;
				CURRENT_PROJECT_VERSION = 1;
				DEVELOPMENT_TEAM = RSN8K4WW8U;
				GENERATE_INFOPLIST_FILE = YES;
				IPHONEOS_DEPLOYMENT_TARGET = 16.1;
				MACOSX_DEPLOYMENT_TARGET = 13.0;
				MARKETING_VERSION = 1.0;
				PRODUCT_BUNDLE_IDENTIFIER = "com.konnitiwawewd23-edq.test-TextTests";
				PRODUCT_NAME = "$(TARGET_NAME)";
				SDKROOT = auto;
				SUPPORTED_PLATFORMS = "iphoneos iphonesimulator macosx";
				SWIFT_EMIT_LOC_STRINGS = NO;
				SWIFT_VERSION = 5.0;
				TARGETED_DEVICE_FAMILY = "1,2";
				TEST_HOST = "$(BUILT_PRODUCTS_DIR)/test]Text.app/$(BUNDLE_EXECUTABLE_FOLDER_PATH)/test]Text";
			};
			name = Debug;
		};
		353C225C29C301B400964E53 /* Release */ = {
			isa = XCBuildConfiguration;
			buildSettings = {
				ALWAYS_EMBED_SWIFT_STANDARD_LIBRARIES = YES;
				BUNDLE_LOADER = "$(TEST_HOST)";
				CODE_SIGN_STYLE = Automatic;
				CURRENT_PROJECT_VERSION = 1;
				DEVELOPMENT_TEAM = RSN8K4WW8U;
				GENERATE_INFOPLIST_FILE = YES;
				IPHONEOS_DEPLOYMENT_TARGET = 16.1;
				MACOSX_DEPLOYMENT_TARGET = 13.0;
				MARKETING_VERSION = 1.0;
				PRODUCT_BUNDLE_IDENTIFIER = "com.konnitiwawewd23-edq.test-TextTests";
				PRODUCT_NAME = "$(TARGET_NAME)";
				SDKROOT = auto;
				SUPPORTED_PLATFORMS = "iphoneos iphonesimulator macosx";
				SWIFT_EMIT_LOC_STRINGS = NO;
				SWIFT_VERSION = 5.0;
				TARGETED_DEVICE_FAMILY = "1,2";
				TEST_HOST = "$(BUILT_PRODUCTS_DIR)/test]Text.app/$(BUNDLE_EXECUTABLE_FOLDER_PATH)/test]Text";
			};
			name = Release;
		};
		353C225E29C301B400964E53 /* Debug */ = {
			isa = XCBuildConfiguration;
			buildSettings = {
				ALWAYS_EMBED_SWIFT_STANDARD_LIBRARIES = YES;
				CODE_SIGN_STYLE = Automatic;
				CURRENT_PROJECT_VERSION = 1;
				DEVELOPMENT_TEAM = RSN8K4WW8U;
				GENERATE_INFOPLIST_FILE = YES;
				IPHONEOS_DEPLOYMENT_TARGET = 16.1;
				MACOSX_DEPLOYMENT_TARGET = 13.0;
				MARKETING_VERSION = 1.0;
				PRODUCT_BUNDLE_IDENTIFIER = "com.konnitiwawewd23-edq.test-TextUITests";
				PRODUCT_NAME = "$(TARGET_NAME)";
				SDKROOT = auto;
				SUPPORTED_PLATFORMS = "iphoneos iphonesimulator macosx";
				SWIFT_EMIT_LOC_STRINGS = NO;
				SWIFT_VERSION = 5.0;
				TARGETED_DEVICE_FAMILY = "1,2";
				TEST_TARGET_NAME = "test]Text";
			};
			name = Debug;
		};
		353C225F29C301B400964E53 /* Release */ = {
			isa = XCBuildConfiguration;
			buildSettings = {
				ALWAYS_EMBED_SWIFT_STANDARD_LIBRARIES = YES;
				CODE_SIGN_STYLE = Automatic;
				CURRENT_PROJECT_VERSION = 1;
				DEVELOPMENT_TEAM = RSN8K4WW8U;
				GENERATE_INFOPLIST_FILE = YES;
				IPHONEOS_DEPLOYMENT_TARGET = 16.1;
				MACOSX_DEPLOYMENT_TARGET = 13.0;
				MARKETING_VERSION = 1.0;
				PRODUCT_BUNDLE_IDENTIFIER = "com.konnitiwawewd23-edq.test-TextUITests";
				PRODUCT_NAME = "$(TARGET_NAME)";
				SDKROOT = auto;
				SUPPORTED_PLATFORMS = "iphoneos iphonesimulator macosx";
				SWIFT_EMIT_LOC_STRINGS = NO;
				SWIFT_VERSION = 5.0;
				TARGETED_DEVICE_FAMILY = "1,2";
				TEST_TARGET_NAME = "test]Text";
			};
			name = Release;
		};
/* End XCBuildConfiguration section */

/* Begin XCConfigurationList section */
		353C222D29C301B200964E53 /* Build configuration list for PBXProject "test]Text" */ = {
			isa = XCConfigurationList;
			buildConfigurations = (
				353C225529C301B400964E53 /* Debug */,
				353C225629C301B400964E53 /* Release */,
			);
			defaultConfigurationIsVisible = 0;
			defaultConfigurationName = Release;
		};
		353C225729C301B400964E53 /* Build configuration list for PBXNativeTarget "test]Text" */ = {
			isa = XCConfigurationList;
			buildConfigurations = (
				353C225829C301B400964E53 /* Debug */,
				353C225929C301B400964E53 /* Release */,
			);
			defaultConfigurationIsVisible = 0;
			defaultConfigurationName = Release;
		};
		353C225A29C301B400964E53 /* Build configuration list for PBXNativeTarget "test]TextTests" */ = {
			isa = XCConfigurationList;
			buildConfigurations = (
				353C225B29C301B400964E53 /* Debug */,
				353C225C29C301B400964E53 /* Release */,
			);
			defaultConfigurationIsVisible = 0;
			defaultConfigurationName = Release;
		};
		353C225D29C301B400964E53 /* Build configuration list for PBXNativeTarget "test]TextUITests" */ = {
			isa = XCConfigurationList;
			buildConfigurations = (
				353C225E29C301B400964E53 /* Debug */,
				353C225F29C301B400964E53 /* Release */,
			);
			defaultConfigurationIsVisible = 0;
			defaultConfigurationName = Release;
		};
/* End XCConfigurationList section */
	};
	rootObject = 353C222A29C301B200964E53 /* Project object */;
}
